
Microsoft Visual Studio Solution File, Format Version 12.00
# Visual Studio Version 17
VisualStudioVersion = 17.0.31903.59
MinimumVisualStudioVersion = 10.0.40219.1
Project("{2150E333-8FDC-42A3-9474-1A3956D46DE8}") = "backend", "backend", "{1AE8ACA6-933B-BF2A-3671-3E2EAC007D16}"
EndProject
Project("{FAE04EC0-301F-11D3-BF4B-00C04F79EFBC}") = "ApiGateway", "backend\ApiGateway\ApiGateway.csproj", "{C6D33DCC-710B-4433-8207-813AC43B691F}"
EndProject
Project("{FAE04EC0-301F-11D3-BF4B-00C04F79EFBC}") = "UploadService", "backend\UploadService\UploadService.csproj", "{28C30F61-5F8D-4102-8CCB-F5067666B443}"
EndProject
Project("{FAE04EC0-301F-11D3-BF4B-00C04F79EFBC}") = "CVParserService", "backend\CVParserService\CVParserService.csproj", "{2C70892F-E9AC-43EA-9A72-3902F53355DF}"
EndProject
Project("{FAE04EC0-301F-11D3-BF4B-00C04F79EFBC}") = "AIAnalyzerService", "backend\AIAnalyzerService\AIAnalyzerService.csproj", "{06A9608D-0AEA-4BE9-889D-BB645D0CA0BD}"
EndProject
Project("{FAE04EC0-301F-11D3-BF4B-00C04F79EFBC}") = "ResultService", "backend\ResultService\ResultService.csproj", "{9337F9B1-D0CE-4892-858D-8F010E1E44B5}"
EndProject
Project("{FAE04EC0-301F-11D3-BF4B-00C04F79EFBC}") = "Shared", "backend\Shared\Shared.csproj", "{4978B988-916A-4E1A-AB1E-6123368CCE9A}"
EndProject
Global
	GlobalSection(SolutionConfigurationPlatforms) = preSolution
		Debug|Any CPU = Debug|Any CPU
		Debug|x64 = Debug|x64
		Debug|x86 = Debug|x86
		Release|Any CPU = Release|Any CPU
		Release|x64 = Release|x64
		Release|x86 = Release|x86
	EndGlobalSection
	GlobalSection(ProjectConfigurationPlatforms) = postSolution
		{C6D33DCC-710B-4433-8207-813AC43B691F}.Debug|Any CPU.ActiveCfg = Debug|Any CPU
		{C6D33DCC-710B-4433-8207-813AC43B691F}.Debug|Any CPU.Build.0 = Debug|Any CPU
		{C6D33DCC-710B-4433-8207-813AC43B691F}.Debug|x64.ActiveCfg = Debug|Any CPU
		{C6D33DCC-710B-4433-8207-813AC43B691F}.Debug|x64.Build.0 = Debug|Any CPU
		{C6D33DCC-710B-4433-8207-813AC43B691F}.Debug|x86.ActiveCfg = Debug|Any CPU
		{C6D33DCC-710B-4433-8207-813AC43B691F}.Debug|x86.Build.0 = Debug|Any CPU
		{C6D33DCC-710B-4433-8207-813AC43B691F}.Release|Any CPU.ActiveCfg = Release|Any CPU
		{C6D33DCC-710B-4433-8207-813AC43B691F}.Release|Any CPU.Build.0 = Release|Any CPU
		{C6D33DCC-710B-4433-8207-813AC43B691F}.Release|x64.ActiveCfg = Release|Any CPU
		{C6D33DCC-710B-4433-8207-813AC43B691F}.Release|x64.Build.0 = Release|Any CPU
		{C6D33DCC-710B-4433-8207-813AC43B691F}.Release|x86.ActiveCfg = Release|Any CPU
		{C6D33DCC-710B-4433-8207-813AC43B691F}.Release|x86.Build.0 = Release|Any CPU
		{28C30F61-5F8D-4102-8CCB-F5067666B443}.Debug|Any CPU.ActiveCfg = Debug|Any CPU
		{28C30F61-5F8D-4102-8CCB-F5067666B443}.Debug|Any CPU.Build.0 = Debug|Any CPU
		{28C30F61-5F8D-4102-8CCB-F5067666B443}.Debug|x64.ActiveCfg = Debug|Any CPU
		{28C30F61-5F8D-4102-8CCB-F5067666B443}.Debug|x64.Build.0 = Debug|Any CPU
		{28C30F61-5F8D-4102-8CCB-F5067666B443}.Debug|x86.ActiveCfg = Debug|Any CPU
		{28C30F61-5F8D-4102-8CCB-F5067666B443}.Debug|x86.Build.0 = Debug|Any CPU
		{28C30F61-5F8D-4102-8CCB-F5067666B443}.Release|Any CPU.ActiveCfg = Release|Any CPU
		{28C30F61-5F8D-4102-8CCB-F5067666B443}.Release|Any CPU.Build.0 = Release|Any CPU
		{28C30F61-5F8D-4102-8CCB-F5067666B443}.Release|x64.ActiveCfg = Release|Any CPU
		{28C30F61-5F8D-4102-8CCB-F5067666B443}.Release|x64.Build.0 = Release|Any CPU
		{28C30F61-5F8D-4102-8CCB-F5067666B443}.Release|x86.ActiveCfg = Release|Any CPU
		{28C30F61-5F8D-4102-8CCB-F5067666B443}.Release|x86.Build.0 = Release|Any CPU
		{2C70892F-E9AC-43EA-9A72-3902F53355DF}.Debug|Any CPU.ActiveCfg = Debug|Any CPU
		{2C70892F-E9AC-43EA-9A72-3902F53355DF}.Debug|Any CPU.Build.0 = Debug|Any CPU
		{2C70892F-E9AC-43EA-9A72-3902F53355DF}.Debug|x64.ActiveCfg = Debug|Any CPU
		{2C70892F-E9AC-43EA-9A72-3902F53355DF}.Debug|x64.Build.0 = Debug|Any CPU
		{2C70892F-E9AC-43EA-9A72-3902F53355DF}.Debug|x86.ActiveCfg = Debug|Any CPU
		{2C70892F-E9AC-43EA-9A72-3902F53355DF}.Debug|x86.Build.0 = Debug|Any CPU
		{2C70892F-E9AC-43EA-9A72-3902F53355DF}.Release|Any CPU.ActiveCfg = Release|Any CPU
		{2C70892F-E9AC-43EA-9A72-3902F53355DF}.Release|Any CPU.Build.0 = Release|Any CPU
		{2C70892F-E9AC-43EA-9A72-3902F53355DF}.Release|x64.ActiveCfg = Release|Any CPU
		{2C70892F-E9AC-43EA-9A72-3902F53355DF}.Release|x64.Build.0 = Release|Any CPU
		{2C70892F-E9AC-43EA-9A72-3902F53355DF}.Release|x86.ActiveCfg = Release|Any CPU
		{2C70892F-E9AC-43EA-9A72-3902F53355DF}.Release|x86.Build.0 = Release|Any CPU
		{06A9608D-0AEA-4BE9-889D-BB645D0CA0BD}.Debug|Any CPU.ActiveCfg = Debug|Any CPU
		{06A9608D-0AEA-4BE9-889D-BB645D0CA0BD}.Debug|Any CPU.Build.0 = Debug|Any CPU
		{06A9608D-0AEA-4BE9-889D-BB645D0CA0BD}.Debug|x64.ActiveCfg = Debug|Any CPU
		{06A9608D-0AEA-4BE9-889D-BB645D0CA0BD}.Debug|x64.Build.0 = Debug|Any CPU
		{06A9608D-0AEA-4BE9-889D-BB645D0CA0BD}.Debug|x86.ActiveCfg = Debug|Any CPU
		{06A9608D-0AEA-4BE9-889D-BB645D0CA0BD}.Debug|x86.Build.0 = Debug|Any CPU
		{06A9608D-0AEA-4BE9-889D-BB645D0CA0BD}.Release|Any CPU.ActiveCfg = Release|Any CPU
		{06A9608D-0AEA-4BE9-889D-BB645D0CA0BD}.Release|Any CPU.Build.0 = Release|Any CPU
		{06A9608D-0AEA-4BE9-889D-BB645D0CA0BD}.Release|x64.ActiveCfg = Release|Any CPU
		{06A9608D-0AEA-4BE9-889D-BB645D0CA0BD}.Release|x64.Build.0 = Release|Any CPU
		{06A9608D-0AEA-4BE9-889D-BB645D0CA0BD}.Release|x86.ActiveCfg = Release|Any CPU
		{06A9608D-0AEA-4BE9-889D-BB645D0CA0BD}.Release|x86.Build.0 = Release|Any CPU
		{9337F9B1-D0CE-4892-858D-8F010E1E44B5}.Debug|Any CPU.ActiveCfg = Debug|Any CPU
		{9337F9B1-D0CE-4892-858D-8F010E1E44B5}.Debug|Any CPU.Build.0 = Debug|Any CPU
		{9337F9B1-D0CE-4892-858D-8F010E1E44B5}.Debug|x64.ActiveCfg = Debug|Any CPU
		{9337F9B1-D0CE-4892-858D-8F010E1E44B5}.Debug|x64.Build.0 = Debug|Any CPU
		{9337F9B1-D0CE-4892-858D-8F010E1E44B5}.Debug|x86.ActiveCfg = Debug|Any CPU
		{9337F9B1-D0CE-4892-858D-8F010E1E44B5}.Debug|x86.Build.0 = Debug|Any CPU
		{9337F9B1-D0CE-4892-858D-8F010E1E44B5}.Release|Any CPU.ActiveCfg = Release|Any CPU
		{9337F9B1-D0CE-4892-858D-8F010E1E44B5}.Release|Any CPU.Build.0 = Release|Any CPU
		{9337F9B1-D0CE-4892-858D-8F010E1E44B5}.Release|x64.ActiveCfg = Release|Any CPU
		{9337F9B1-D0CE-4892-858D-8F010E1E44B5}.Release|x64.Build.0 = Release|Any CPU
		{9337F9B1-D0CE-4892-858D-8F010E1E44B5}.Release|x86.ActiveCfg = Release|Any CPU
		{9337F9B1-D0CE-4892-858D-8F010E1E44B5}.Release|x86.Build.0 = Release|Any CPU
		{4978B988-916A-4E1A-AB1E-6123368CCE9A}.Debug|Any CPU.ActiveCfg = Debug|Any CPU
		{4978B988-916A-4E1A-AB1E-6123368CCE9A}.Debug|Any CPU.Build.0 = Debug|Any CPU
		{4978B988-916A-4E1A-AB1E-6123368CCE9A}.Debug|x64.ActiveCfg = Debug|Any CPU
		{4978B988-916A-4E1A-AB1E-6123368CCE9A}.Debug|x64.Build.0 = Debug|Any CPU
		{4978B988-916A-4E1A-AB1E-6123368CCE9A}.Debug|x86.ActiveCfg = Debug|Any CPU
		{4978B988-916A-4E1A-AB1E-6123368CCE9A}.Debug|x86.Build.0 = Debug|Any CPU
		{4978B988-916A-4E1A-AB1E-6123368CCE9A}.Release|Any CPU.ActiveCfg = Release|Any CPU
		{4978B988-916A-4E1A-AB1E-6123368CCE9A}.Release|Any CPU.Build.0 = Release|Any CPU
		{4978B988-916A-4E1A-AB1E-6123368CCE9A}.Release|x64.ActiveCfg = Release|Any CPU
		{4978B988-916A-4E1A-AB1E-6123368CCE9A}.Release|x64.Build.0 = Release|Any CPU
		{4978B988-916A-4E1A-AB1E-6123368CCE9A}.Release|x86.ActiveCfg = Release|Any CPU
		{4978B988-916A-4E1A-AB1E-6123368CCE9A}.Release|x86.Build.0 = Release|Any CPU
	EndGlobalSection
	GlobalSection(SolutionProperties) = preSolution
		HideSolutionNode = FALSE
	EndGlobalSection
	GlobalSection(NestedProjects) = preSolution
		{C6D33DCC-710B-4433-8207-813AC43B691F} = {1AE8ACA6-933B-BF2A-3671-3E2EAC007D16}
		{28C30F61-5F8D-4102-8CCB-F5067666B443} = {1AE8ACA6-933B-BF2A-3671-3E2EAC007D16}
		{2C70892F-E9AC-43EA-9A72-3902F53355DF} = {1AE8ACA6-933B-BF2A-3671-3E2EAC007D16}
		{06A9608D-0AEA-4BE9-889D-BB645D0CA0BD} = {1AE8ACA6-933B-BF2A-3671-3E2EAC007D16}
		{9337F9B1-D0CE-4892-858D-8F010E1E44B5} = {1AE8ACA6-933B-BF2A-3671-3E2EAC007D16}
		{4978B988-916A-4E1A-AB1E-6123368CCE9A} = {1AE8ACA6-933B-BF2A-3671-3E2EAC007D16}
	EndGlobalSection
EndGlobal
